// !$*UTF8*$!
{
	archiveVersion = 1;
	classes = {
	};
	objectVersion = 50;
	objects = {

/* Begin PBXBuildFile section */
		41F8AE9A2517CCCF00AB2E25 /* AppDelegate.swift in Sources */ = {isa = PBXBuildFile; fileRef = 41F8AE992517CCCF00AB2E25 /* AppDelegate.swift */; };
		41F8AE9C2517CCCF00AB2E25 /* SceneDelegate.swift in Sources */ = {isa = PBXBuildFile; fileRef = 41F8AE9B2517CCCF00AB2E25 /* SceneDelegate.swift */; };
		41F8AE9E2517CCCF00AB2E25 /* ViewController.swift in Sources */ = {isa = PBXBuildFile; fileRef = 41F8AE9D2517CCCF00AB2E25 /* ViewController.swift */; };
		41F8AEA12517CCCF00AB2E25 /* Main.storyboard in Resources */ = {isa = PBXBuildFile; fileRef = 41F8AE9F2517CCCF00AB2E25 /* Main.storyboard */; };
		41F8AEA42517CCCF00AB2E25 /* hwRealm.xcdatamodeld in Sources */ = {isa = PBXBuildFile; fileRef = 41F8AEA22517CCCF00AB2E25 /* hwRealm.xcdatamodeld */; };
		41F8AEA62517CCD200AB2E25 /* Assets.xcassets in Resources */ = {isa = PBXBuildFile; fileRef = 41F8AEA52517CCD200AB2E25 /* Assets.xcassets */; };
		41F8AEA92517CCD200AB2E25 /* LaunchScreen.storyboard in Resources */ = {isa = PBXBuildFile; fileRef = 41F8AEA72517CCD200AB2E25 /* LaunchScreen.storyboard */; };
		41F8AEB42517CCD300AB2E25 /* hwRealmTests.swift in Sources */ = {isa = PBXBuildFile; fileRef = 41F8AEB32517CCD300AB2E25 /* hwRealmTests.swift */; };
		41F8AEBF2517CCD300AB2E25 /* hwRealmUITests.swift in Sources */ = {isa = PBXBuildFile; fileRef = 41F8AEBE2517CCD300AB2E25 /* hwRealmUITests.swift */; };
/* End PBXBuildFile section */

/* Begin PBXContainerItemProxy section */
		41F8AEB02517CCD300AB2E25 /* PBXContainerItemProxy */ = {
			isa = PBXContainerItemProxy;
			containerPortal = 41F8AE8E2517CCCF00AB2E25 /* Project object */;
			proxyType = 1;
			remoteGlobalIDString = 41F8AE952517CCCF00AB2E25;
			remoteInfo = hwRealm;
		};
		41F8AEBB2517CCD300AB2E25 /* PBXContainerItemProxy */ = {
			isa = PBXContainerItemProxy;
			containerPortal = 41F8AE8E2517CCCF00AB2E25 /* Project object */;
			proxyType = 1;
			remoteGlobalIDString = 41F8AE952517CCCF00AB2E25;
			remoteInfo = hwRealm;
		};
/* End PBXContainerItemProxy section */

/* Begin PBXFileReference section */
		41F8AE962517CCCF00AB2E25 /* hwRealm.app */ = {isa = PBXFileReference; explicitFileType = wrapper.application; includeInIndex = 0; path = hwRealm.app; sourceTree = BUILT_PRODUCTS_DIR; };
		41F8AE992517CCCF00AB2E25 /* AppDelegate.swift */ = {isa = PBXFileReference; lastKnownFileType = sourcecode.swift; path = AppDelegate.swift; sourceTree = "<group>"; };
		41F8AE9B2517CCCF00AB2E25 /* SceneDelegate.swift */ = {isa = PBXFileReference; lastKnownFileType = sourcecode.swift; path = SceneDelegate.swift; sourceTree = "<group>"; };
		41F8AE9D2517CCCF00AB2E25 /* ViewController.swift */ = {isa = PBXFileReference; lastKnownFileType = sourcecode.swift; path = ViewController.swift; sourceTree = "<group>"; };
		41F8AEA02517CCCF00AB2E25 /* Base */ = {isa = PBXFileReference; lastKnownFileType = file.storyboard; name = Base; path = Base.lproj/Main.storyboard; sourceTree = "<group>"; };
		41F8AEA32517CCCF00AB2E25 /* hwRealm.xcdatamodel */ = {isa = PBXFileReference; lastKnownFileType = wrapper.xcdatamodel; path = hwRealm.xcdatamodel; sourceTree = "<group>"; };
		41F8AEA52517CCD200AB2E25 /* Assets.xcassets */ = {isa = PBXFileReference; lastKnownFileType = folder.assetcatalog; path = Assets.xcassets; sourceTree = "<group>"; };
		41F8AEA82517CCD200AB2E25 /* Base */ = {isa = PBXFileReference; lastKnownFileType = file.storyboard; name = Base; path = Base.lproj/LaunchScreen.storyboard; sourceTree = "<group>"; };
		41F8AEAA2517CCD200AB2E25 /* Info.plist */ = {isa = PBXFileReference; lastKnownFileType = text.plist.xml; path = Info.plist; sourceTree = "<group>"; };
		41F8AEAF2517CCD300AB2E25 /* hwRealmTests.xctest */ = {isa = PBXFileReference; explicitFileType = wrapper.cfbundle; includeInIndex = 0; path = hwRealmTests.xctest; sourceTree = BUILT_PRODUCTS_DIR; };
		41F8AEB32517CCD300AB2E25 /* hwRealmTests.swift */ = {isa = PBXFileReference; lastKnownFileType = sourcecode.swift; path = hwRealmTests.swift; sourceTree = "<group>"; };
		41F8AEB52517CCD300AB2E25 /* Info.plist */ = {isa = PBXFileReference; lastKnownFileType = text.plist.xml; path = Info.plist; sourceTree = "<group>"; };
		41F8AEBA2517CCD300AB2E25 /* hwRealmUITests.xctest */ = {isa = PBXFileReference; explicitFileType = wrapper.cfbundle; includeInIndex = 0; path = hwRealmUITests.xctest; sourceTree = BUILT_PRODUCTS_DIR; };
		41F8AEBE2517CCD300AB2E25 /* hwRealmUITests.swift */ = {isa = PBXFileReference; lastKnownFileType = sourcecode.swift; path = hwRealmUITests.swift; sourceTree = "<group>"; };
		41F8AEC02517CCD300AB2E25 /* Info.plist */ = {isa = PBXFileReference; lastKnownFileType = text.plist.xml; path = Info.plist; sourceTree = "<group>"; };
/* End PBXFileReference section */

/* Begin PBXFrameworksBuildPhase section */
		41F8AE932517CCCF00AB2E25 /* Frameworks */ = {
			isa = PBXFrameworksBuildPhase;
			buildActionMask = 2147483647;
			files = (
			);
			runOnlyForDeploymentPostprocessing = 0;
		};
		41F8AEAC2517CCD300AB2E25 /* Frameworks */ = {
			isa = PBXFrameworksBuildPhase;
			buildActionMask = 2147483647;
			files = (
			);
			runOnlyForDeploymentPostprocessing = 0;
		};
		41F8AEB72517CCD300AB2E25 /* Frameworks */ = {
			isa = PBXFrameworksBuildPhase;
			buildActionMask = 2147483647;
			files = (
			);
			runOnlyForDeploymentPostprocessing = 0;
		};
/* End PBXFrameworksBuildPhase section */

/* Begin PBXGroup section */
		41F8AE8D2517CCCF00AB2E25 = {
			isa = PBXGroup;
			children = (
				41F8AE982517CCCF00AB2E25 /* hwRealm */,
				41F8AEB22517CCD300AB2E25 /* hwRealmTests */,
				41F8AEBD2517CCD300AB2E25 /* hwRealmUITests */,
				41F8AE972517CCCF00AB2E25 /* Products */,
			);
			sourceTree = "<group>";
		};
		41F8AE972517CCCF00AB2E25 /* Products */ = {
			isa = PBXGroup;
			children = (
				41F8AE962517CCCF00AB2E25 /* hwRealm.app */,
				41F8AEAF2517CCD300AB2E25 /* hwRealmTests.xctest */,
				41F8AEBA2517CCD300AB2E25 /* hwRealmUITests.xctest */,
			);
			name = Products;
			sourceTree = "<group>";
		};
		41F8AE982517CCCF00AB2E25 /* hwRealm */ = {
			isa = PBXGroup;
			children = (
				41F8AE992517CCCF00AB2E25 /* AppDelegate.swift */,
				41F8AE9B2517CCCF00AB2E25 /* SceneDelegate.swift */,
				41F8AE9D2517CCCF00AB2E25 /* ViewController.swift */,
				41F8AE9F2517CCCF00AB2E25 /* Main.storyboard */,
				41F8AEA52517CCD200AB2E25 /* Assets.xcassets */,
				41F8AEA72517CCD200AB2E25 /* LaunchScreen.storyboard */,
				41F8AEAA2517CCD200AB2E25 /* Info.plist */,
				41F8AEA22517CCCF00AB2E25 /* hwRealm.xcdatamodeld */,
			);
			path = hwRealm;
			sourceTree = "<group>";
		};
		41F8AEB22517CCD300AB2E25 /* hwRealmTests */ = {
			isa = PBXGroup;
			children = (
				41F8AEB32517CCD300AB2E25 /* hwRealmTests.swift */,
				41F8AEB52517CCD300AB2E25 /* Info.plist */,
			);
			path = hwRealmTests;
			sourceTree = "<group>";
		};
		41F8AEBD2517CCD300AB2E25 /* hwRealmUITests */ = {
			isa = PBXGroup;
			children = (
				41F8AEBE2517CCD300AB2E25 /* hwRealmUITests.swift */,
				41F8AEC02517CCD300AB2E25 /* Info.plist */,
			);
			path = hwRealmUITests;
			sourceTree = "<group>";
		};
/* End PBXGroup section */

/* Begin PBXNativeTarget section */
		41F8AE952517CCCF00AB2E25 /* hwRealm */ = {
			isa = PBXNativeTarget;
			buildConfigurationList = 41F8AEC32517CCD300AB2E25 /* Build configuration list for PBXNativeTarget "hwRealm" */;
			buildPhases = (
				41F8AE922517CCCF00AB2E25 /* Sources */,
				41F8AE932517CCCF00AB2E25 /* Frameworks */,
				41F8AE942517CCCF00AB2E25 /* Resources */,
			);
			buildRules = (
			);
			dependencies = (
			);
			name = hwRealm;
			productName = hwRealm;
			productReference = 41F8AE962517CCCF00AB2E25 /* hwRealm.app */;
			productType = "com.apple.product-type.application";
		};
		41F8AEAE2517CCD300AB2E25 /* hwRealmTests */ = {
			isa = PBXNativeTarget;
			buildConfigurationList = 41F8AEC62517CCD300AB2E25 /* Build configuration list for PBXNativeTarget "hwRealmTests" */;
			buildPhases = (
				41F8AEAB2517CCD300AB2E25 /* Sources */,
				41F8AEAC2517CCD300AB2E25 /* Frameworks */,
				41F8AEAD2517CCD300AB2E25 /* Resources */,
			);
			buildRules = (
			);
			dependencies = (
				41F8AEB12517CCD300AB2E25 /* PBXTargetDependency */,
			);
			name = hwRealmTests;
			productName = hwRealmTests;
			productReference = 41F8AEAF2517CCD300AB2E25 /* hwRealmTests.xctest */;
			productType = "com.apple.product-type.bundle.unit-test";
		};
		41F8AEB92517CCD300AB2E25 /* hwRealmUITests */ = {
			isa = PBXNativeTarget;
			buildConfigurationList = 41F8AEC92517CCD300AB2E25 /* Build configuration list for PBXNativeTarget "hwRealmUITests" */;
			buildPhases = (
				41F8AEB62517CCD300AB2E25 /* Sources */,
				41F8AEB72517CCD300AB2E25 /* Frameworks */,
				41F8AEB82517CCD300AB2E25 /* Resources */,
			);
			buildRules = (
			);
			dependencies = (
				41F8AEBC2517CCD300AB2E25 /* PBXTargetDependency */,
			);
			name = hwRealmUITests;
			productName = hwRealmUITests;
			productReference = 41F8AEBA2517CCD300AB2E25 /* hwRealmUITests.xctest */;
			productType = "com.apple.product-type.bundle.ui-testing";
		};
/* End PBXNativeTarget section */

/* Begin PBXProject section */
		41F8AE8E2517CCCF00AB2E25 /* Project object */ = {
			isa = PBXProject;
			attributes = {
				LastSwiftUpdateCheck = 1200;
				LastUpgradeCheck = 1200;
				TargetAttributes = {
					41F8AE952517CCCF00AB2E25 = {
						CreatedOnToolsVersion = 12.0;
					};
					41F8AEAE2517CCD300AB2E25 = {
						CreatedOnToolsVersion = 12.0;
						TestTargetID = 41F8AE952517CCCF00AB2E25;
					};
					41F8AEB92517CCD300AB2E25 = {
						CreatedOnToolsVersion = 12.0;
						TestTargetID = 41F8AE952517CCCF00AB2E25;
					};
				};
			};
			buildConfigurationList = 41F8AE912517CCCF00AB2E25 /* Build configuration list for PBXProject "hwRealm" */;
			compatibilityVersion = "Xcode 9.3";
			developmentRegion = en;
			hasScannedForEncodings = 0;
			knownRegions = (
				en,
				Base,
			);
			mainGroup = 41F8AE8D2517CCCF00AB2E25;
			productRefGroup = 41F8AE972517CCCF00AB2E25 /* Products */;
			projectDirPath = "";
			projectRoot = "";
			targets = (
				41F8AE952517CCCF00AB2E25 /* hwRealm */,
				41F8AEAE2517CCD300AB2E25 /* hwRealmTests */,
				41F8AEB92517CCD300AB2E25 /* hwRealmUITests */,
			);
		};
/* End PBXProject section */

/* Begin PBXResourcesBuildPhase section */
		41F8AE942517CCCF00AB2E25 /* Resources */ = {
			isa = PBXResourcesBuildPhase;
			buildActionMask = 2147483647;
			files = (
				41F8AEA92517CCD200AB2E25 /* LaunchScreen.storyboard in Resources */,
				41F8AEA62517CCD200AB2E25 /* Assets.xcassets in Resources */,
				41F8AEA12517CCCF00AB2E25 /* Main.storyboard in Resources */,
			);
			runOnlyForDeploymentPostprocessing = 0;
		};
		41F8AEAD2517CCD300AB2E25 /* Resources */ = {
			isa = PBXResourcesBuildPhase;
			buildActionMask = 2147483647;
			files = (
			);
			runOnlyForDeploymentPostprocessing = 0;
		};
		41F8AEB82517CCD300AB2E25 /* Resources */ = {
			isa = PBXResourcesBuildPhase;
			buildActionMask = 2147483647;
			files = (
			);
			runOnlyForDeploymentPostprocessing = 0;
		};
/* End PBXResourcesBuildPhase section */

/* Begin PBXSourcesBuildPhase section */
		41F8AE922517CCCF00AB2E25 /* Sources */ = {
			isa = PBXSourcesBuildPhase;
			buildActionMask = 2147483647;
			files = (
				41F8AEA42517CCCF00AB2E25 /* hwRealm.xcdatamodeld in Sources */,
				41F8AE9E2517CCCF00AB2E25 /* ViewController.swift in Sources */,
				41F8AE9A2517CCCF00AB2E25 /* AppDelegate.swift in Sources */,
				41F8AE9C2517CCCF00AB2E25 /* SceneDelegate.swift in Sources */,
			);
			runOnlyForDeploymentPostprocessing = 0;
		};
		41F8AEAB2517CCD300AB2E25 /* Sources */ = {
			isa = PBXSourcesBuildPhase;
			buildActionMask = 2147483647;
			files = (
				41F8AEB42517CCD300AB2E25 /* hwRealmTests.swift in Sources */,
			);
			runOnlyForDeploymentPostprocessing = 0;
		};
		41F8AEB62517CCD300AB2E25 /* Sources */ = {
			isa = PBXSourcesBuildPhase;
			buildActionMask = 2147483647;
			files = (
				41F8AEBF2517CCD300AB2E25 /* hwRealmUITests.swift in Sources */,
			);
			runOnlyForDeploymentPostprocessing = 0;
		};
/* End PBXSourcesBuildPhase section */

/* Begin PBXTargetDependency section */
		41F8AEB12517CCD300AB2E25 /* PBXTargetDependency */ = {
			isa = PBXTargetDependency;
			target = 41F8AE952517CCCF00AB2E25 /* hwRealm */;
			targetProxy = 41F8AEB02517CCD300AB2E25 /* PBXContainerItemProxy */;
		};
		41F8AEBC2517CCD300AB2E25 /* PBXTargetDependency */ = {
			isa = PBXTargetDependency;
			target = 41F8AE952517CCCF00AB2E25 /* hwRealm */;
			targetProxy = 41F8AEBB2517CCD300AB2E25 /* PBXContainerItemProxy */;
		};
/* End PBXTargetDependency section */

/* Begin PBXVariantGroup section */
		41F8AE9F2517CCCF00AB2E25 /* Main.storyboard */ = {
			isa = PBXVariantGroup;
			children = (
				41F8AEA02517CCCF00AB2E25 /* Base */,
			);
			name = Main.storyboard;
			sourceTree = "<group>";
		};
		41F8AEA72517CCD200AB2E25 /* LaunchScreen.storyboard */ = {
			isa = PBXVariantGroup;
			children = (
				41F8AEA82517CCD200AB2E25 /* Base */,
			);
			name = LaunchScreen.storyboard;
			sourceTree = "<group>";
		};
/* End PBXVariantGroup section */

/* Begin XCBuildConfiguration section */
		41F8AEC12517CCD300AB2E25 /* Debug */ = {
			isa = XCBuildConfiguration;
			buildSettings = {
				ALWAYS_SEARCH_USER_PATHS = NO;
				CLANG_ANALYZER_NONNULL = YES;
				CLANG_ANALYZER_NUMBER_OBJECT_CONVERSION = YES_AGGRESSIVE;
				CLANG_CXX_LANGUAGE_STANDARD = "gnu++14";
				CLANG_CXX_LIBRARY = "libc++";
				CLANG_ENABLE_MODULES = YES;
				CLANG_ENABLE_OBJC_ARC = YES;
				CLANG_ENABLE_OBJC_WEAK = YES;
				CLANG_WARN_BLOCK_CAPTURE_AUTORELEASING = YES;
				CLANG_WARN_BOOL_CONVERSION = YES;
				CLANG_WARN_COMMA = YES;
				CLANG_WARN_CONSTANT_CONVERSION = YES;
				CLANG_WARN_DEPRECATED_OBJC_IMPLEMENTATIONS = YES;
				CLANG_WARN_DIRECT_OBJC_ISA_USAGE = YES_ERROR;
				CLANG_WARN_DOCUMENTATION_COMMENTS = YES;
				CLANG_WARN_EMPTY_BODY = YES;
				CLANG_WARN_ENUM_CONVERSION = YES;
				CLANG_WARN_INFINITE_RECURSION = YES;
				CLANG_WARN_INT_CONVERSION = YES;
				CLANG_WARN_NON_LITERAL_NULL_CONVERSION = YES;
				CLANG_WARN_OBJC_IMPLICIT_RETAIN_SELF = YES;
				CLANG_WARN_OBJC_LITERAL_CONVERSION = YES;
				CLANG_WARN_OBJC_ROOT_CLASS = YES_ERROR;
				CLANG_WARN_QUOTED_INCLUDE_IN_FRAMEWORK_HEADER = YES;
				CLANG_WARN_RANGE_LOOP_ANALYSIS = YES;
				CLANG_WARN_STRICT_PROTOTYPES = YES;
				CLANG_WARN_SUSPICIOUS_MOVE = YES;
				CLANG_WARN_UNGUARDED_AVAILABILITY = YES_AGGRESSIVE;
				CLANG_WARN_UNREACHABLE_CODE = YES;
				CLANG_WARN__DUPLICATE_METHOD_MATCH = YES;
				COPY_PHASE_STRIP = NO;
				DEBUG_INFORMATION_FORMAT = dwarf;
				ENABLE_STRICT_OBJC_MSGSEND = YES;
				ENABLE_TESTABILITY = YES;
				GCC_C_LANGUAGE_STANDARD = gnu11;
				GCC_DYNAMIC_NO_PIC = NO;
				GCC_NO_COMMON_BLOCKS = YES;
				GCC_OPTIMIZATION_LEVEL = 0;
				GCC_PREPROCESSOR_DEFINITIONS = (
					"DEBUG=1",
					"$(inherited)",
				);
				GCC_WARN_64_TO_32_BIT_CONVERSION = YES;
				GCC_WARN_ABOUT_RETURN_TYPE = YES_ERROR;
				GCC_WARN_UNDECLARED_SELECTOR = YES;
				GCC_WARN_UNINITIALIZED_AUTOS = YES_AGGRESSIVE;
				GCC_WARN_UNUSED_FUNCTION = YES;
				GCC_WARN_UNUSED_VARIABLE = YES;
				IPHONEOS_DEPLOYMENT_TARGET = 14.0;
				MTL_ENABLE_DEBUG_INFO = INCLUDE_SOURCE;
				MTL_FAST_MATH = YES;
				ONLY_ACTIVE_ARCH = YES;
				SDKROOT = iphoneos;
				SWIFT_ACTIVE_COMPILATION_CONDITIONS = DEBUG;
				SWIFT_OPTIMIZATION_LEVEL = "-Onone";
			};
			name = Debug;
		};
		41F8AEC22517CCD300AB2E25 /* Release */ = {
			isa = XCBuildConfiguration;
			buildSettings = {
				ALWAYS_SEARCH_USER_PATHS = NO;
				CLANG_ANALYZER_NONNULL = YES;
				CLANG_ANALYZER_NUMBER_OBJECT_CONVERSION = YES_AGGRESSIVE;
				CLANG_CXX_LANGUAGE_STANDARD = "gnu++14";
				CLANG_CXX_LIBRARY = "libc++";
				CLANG_ENABLE_MODULES = YES;
				CLANG_ENABLE_OBJC_ARC = YES;
				CLANG_ENABLE_OBJC_WEAK = YES;
				CLANG_WARN_BLOCK_CAPTURE_AUTORELEASING = YES;
				CLANG_WARN_BOOL_CONVERSION = YES;
				CLANG_WARN_COMMA = YES;
				CLANG_WARN_CONSTANT_CONVERSION = YES;
				CLANG_WARN_DEPRECATED_OBJC_IMPLEMENTATIONS = YES;
				CLANG_WARN_DIRECT_OBJC_ISA_USAGE = YES_ERROR;
				CLANG_WARN_DOCUMENTATION_COMMENTS = YES;
				CLANG_WARN_EMPTY_BODY = YES;
				CLANG_WARN_ENUM_CONVERSION = YES;
				CLANG_WARN_INFINITE_RECURSION = YES;
				CLANG_WARN_INT_CONVERSION = YES;
				CLANG_WARN_NON_LITERAL_NULL_CONVERSION = YES;
				CLANG_WARN_OBJC_IMPLICIT_RETAIN_SELF = YES;
				CLANG_WARN_OBJC_LITERAL_CONVERSION = YES;
				CLANG_WARN_OBJC_ROOT_CLASS = YES_ERROR;
				CLANG_WARN_QUOTED_INCLUDE_IN_FRAMEWORK_HEADER = YES;
				CLANG_WARN_RANGE_LOOP_ANALYSIS = YES;
				CLANG_WARN_STRICT_PROTOTYPES = YES;
				CLANG_WARN_SUSPICIOUS_MOVE = YES;
				CLANG_WARN_UNGUARDED_AVAILABILITY = YES_AGGRESSIVE;
				CLANG_WARN_UNREACHABLE_CODE = YES;
				CLANG_WARN__DUPLICATE_METHOD_MATCH = YES;
				COPY_PHASE_STRIP = NO;
				DEBUG_INFORMATION_FORMAT = "dwarf-with-dsym";
				ENABLE_NS_ASSERTIONS = NO;
				ENABLE_STRICT_OBJC_MSGSEND = YES;
				GCC_C_LANGUAGE_STANDARD = gnu11;
				GCC_NO_COMMON_BLOCKS = YES;
				GCC_WARN_64_TO_32_BIT_CONVERSION = YES;
				GCC_WARN_ABOUT_RETURN_TYPE = YES_ERROR;
				GCC_WARN_UNDECLARED_SELECTOR = YES;
				GCC_WARN_UNINITIALIZED_AUTOS = YES_AGGRESSIVE;
				GCC_WARN_UNUSED_FUNCTION = YES;
				GCC_WARN_UNUSED_VARIABLE = YES;
				IPHONEOS_DEPLOYMENT_TARGET = 14.0;
				MTL_ENABLE_DEBUG_INFO = NO;
				MTL_FAST_MATH = YES;
				SDKROOT = iphoneos;
				SWIFT_COMPILATION_MODE = wholemodule;
				SWIFT_OPTIMIZATION_LEVEL = "-O";
				VALIDATE_PRODUCT = YES;
			};
			name = Release;
		};
		41F8AEC42517CCD300AB2E25 /* Debug */ = {
			isa = XCBuildConfiguration;
			buildSettings = {
				ASSETCATALOG_COMPILER_APPICON_NAME = AppIcon;
				ASSETCATALOG_COMPILER_GLOBAL_ACCENT_COLOR_NAME = AccentColor;
				CODE_SIGN_STYLE = Automatic;
				INFOPLIST_FILE = hwRealm/Info.plist;
				LD_RUNPATH_SEARCH_PATHS = (
					"$(inherited)",
					"@executable_path/Frameworks",
				);
				PRODUCT_BUNDLE_IDENTIFIER = byMyself.hwRealm;
				PRODUCT_NAME = "$(TARGET_NAME)";
				SWIFT_VERSION = 5.0;
				TARGETED_DEVICE_FAMILY = "1,2";
			};
			name = Debug;
		};
		41F8AEC52517CCD300AB2E25 /* Release */ = {
			isa = XCBuildConfiguration;
			buildSettings = {
				ASSETCATALOG_COMPILER_APPICON_NAME = AppIcon;
				ASSETCATALOG_COMPILER_GLOBAL_ACCENT_COLOR_NAME = AccentColor;
				CODE_SIGN_STYLE = Automatic;
				INFOPLIST_FILE = hwRealm/Info.plist;
				LD_RUNPATH_SEARCH_PATHS = (
					"$(inherited)",
					"@executable_path/Frameworks",
				);
				PRODUCT_BUNDLE_IDENTIFIER = byMyself.hwRealm;
				PRODUCT_NAME = "$(TARGET_NAME)";
				SWIFT_VERSION = 5.0;
				TARGETED_DEVICE_FAMILY = "1,2";
			};
			name = Release;
		};
		41F8AEC72517CCD300AB2E25 /* Debug */ = {
			isa = XCBuildConfiguration;
			buildSettings = {
				ALWAYS_EMBED_SWIFT_STANDARD_LIBRARIES = YES;
				BUNDLE_LOADER = "$(TEST_HOST)";
				CODE_SIGN_STYLE = Automatic;
				INFOPLIST_FILE = hwRealmTests/Info.plist;
				IPHONEOS_DEPLOYMENT_TARGET = 14.0;
				LD_RUNPATH_SEARCH_PATHS = (
					"$(inherited)",
					"@executable_path/Frameworks",
					"@loader_path/Frameworks",
				);
				PRODUCT_BUNDLE_IDENTIFIER = byMyself.hwRealmTests;
				PRODUCT_NAME = "$(TARGET_NAME)";
				SWIFT_VERSION = 5.0;
				TARGETED_DEVICE_FAMILY = "1,2";
				TEST_HOST = "$(BUILT_PRODUCTS_DIR)/hwRealm.app/hwRealm";
			};
			name = Debug;
		};
		41F8AEC82517CCD300AB2E25 /* Release */ = {
			isa = XCBuildConfiguration;
			buildSettings = {
				ALWAYS_EMBED_SWIFT_STANDARD_LIBRARIES = YES;
				BUNDLE_LOADER = "$(TEST_HOST)";
				CODE_SIGN_STYLE = Automatic;
				INFOPLIST_FILE = hwRealmTests/Info.plist;
				IPHONEOS_DEPLOYMENT_TARGET = 14.0;
				LD_RUNPATH_SEARCH_PATHS = (
					"$(inherited)",
					"@executable_path/Frameworks",
					"@loader_path/Frameworks",
				);
				PRODUCT_BUNDLE_IDENTIFIER = byMyself.hwRealmTests;
				PRODUCT_NAME = "$(TARGET_NAME)";
				SWIFT_VERSION = 5.0;
				TARGETED_DEVICE_FAMILY = "1,2";
				TEST_HOST = "$(BUILT_PRODUCTS_DIR)/hwRealm.app/hwRealm";
			};
			name = Release;
		};
		41F8AECA2517CCD300AB2E25 /* Debug */ = {
			isa = XCBuildConfiguration;
			buildSettings = {
				ALWAYS_EMBED_SWIFT_STANDARD_LIBRARIES = YES;
				CODE_SIGN_STYLE = Automatic;
				INFOPLIST_FILE = hwRealmUITests/Info.plist;
				LD_RUNPATH_SEARCH_PATHS = (
					"$(inherited)",
					"@executable_path/Frameworks",
					"@loader_path/Frameworks",
				);
				PRODUCT_BUNDLE_IDENTIFIER = byMyself.hwRealmUITests;
				PRODUCT_NAME = "$(TARGET_NAME)";
				SWIFT_VERSION = 5.0;
				TARGETED_DEVICE_FAMILY = "1,2";
				TEST_TARGET_NAME = hwRealm;
			};
			name = Debug;
		};
		41F8AECB2517CCD300AB2E25 /* Release */ = {
			isa = XCBuildConfiguration;
			buildSettings = {
				ALWAYS_EMBED_SWIFT_STANDARD_LIBRARIES = YES;
				CODE_SIGN_STYLE = Automatic;
				INFOPLIST_FILE = hwRealmUITests/Info.plist;
				LD_RUNPATH_SEARCH_PATHS = (
					"$(inherited)",
					"@executable_path/Frameworks",
					"@loader_path/Frameworks",
				);
				PRODUCT_BUNDLE_IDENTIFIER = byMyself.hwRealmUITests;
				PRODUCT_NAME = "$(TARGET_NAME)";
				SWIFT_VERSION = 5.0;
				TARGETED_DEVICE_FAMILY = "1,2";
				TEST_TARGET_NAME = hwRealm;
			};
			name = Release;
		};
/* End XCBuildConfiguration section */

/* Begin XCConfigurationList section */
		41F8AE912517CCCF00AB2E25 /* Build configuration list for PBXProject "hwRealm" */ = {
			isa = XCConfigurationList;
			buildConfigurations = (
				41F8AEC12517CCD300AB2E25 /* Debug */,
				41F8AEC22517CCD300AB2E25 /* Release */,
			);
			defaultConfigurationIsVisible = 0;
			defaultConfigurationName = Release;
		};
		41F8AEC32517CCD300AB2E25 /* Build configuration list for PBXNativeTarget "hwRealm" */ = {
			isa = XCConfigurationList;
			buildConfigurations = (
				41F8AEC42517CCD300AB2E25 /* Debug */,
				41F8AEC52517CCD300AB2E25 /* Release */,
			);
			defaultConfigurationIsVisible = 0;
			defaultConfigurationName = Release;
		};
		41F8AEC62517CCD300AB2E25 /* Build configuration list for PBXNativeTarget "hwRealmTests" */ = {
			isa = XCConfigurationList;
			buildConfigurations = (
				41F8AEC72517CCD300AB2E25 /* Debug */,
				41F8AEC82517CCD300AB2E25 /* Release */,
			);
			defaultConfigurationIsVisible = 0;
			defaultConfigurationName = Release;
		};
		41F8AEC92517CCD300AB2E25 /* Build configuration list for PBXNativeTarget "hwRealmUITests" */ = {
			isa = XCConfigurationList;
			buildConfigurations = (
				41F8AECA2517CCD300AB2E25 /* Debug */,
				41F8AECB2517CCD300AB2E25 /* Release */,
			);
			defaultConfigurationIsVisible = 0;
			defaultConfigurationName = Release;
		};
/* End XCConfigurationList section */

/* Begin XCVersionGroup section */
		41F8AEA22517CCCF00AB2E25 /* hwRealm.xcdatamodeld */ = {
			isa = XCVersionGroup;
			children = (
				41F8AEA32517CCCF00AB2E25 /* hwRealm.xcdatamodel */,
			);
			currentVersion = 41F8AEA32517CCCF00AB2E25 /* hwRealm.xcdatamodel */;
			path = hwRealm.xcdatamodeld;
			sourceTree = "<group>";
			versionGroupType = wrapper.xcdatamodel;
		};
/* End XCVersionGroup section */
	};
	rootObject = 41F8AE8E2517CCCF00AB2E25 /* Project object */;
}
